
Microsoft Visual Studio Solution File, Format Version 12.00
# Visual Studio Version 16
VisualStudioVersion = 16.0.30011.22
MinimumVisualStudioVersion = 10.0.40219.1
Project("{FAE04EC0-301F-11D3-BF4B-00C04F79EFBC}") = "PlexureTest", "PlexureTest\PlexureTest.csproj", "{A0ED1546-C704-4CBE-83E0-6B46F3069576}"
EndProject
Global
	GlobalSection(SolutionConfigurationPlatforms) = preSolution
		Debug|Any CPU = Debug|Any CPU
		Release|Any CPU = Release|Any CPU
	EndGlobalSection
	GlobalSection(ProjectConfigurationPlatforms) = postSolution
		{A0ED1546-C704-4CBE-83E0-6B46F3069576}.Debug|Any CPU.ActiveCfg = Debug|Any CPU
		{A0ED1546-C704-4CBE-83E0-6B46F3069576}.Debug|Any CPU.Build.0 = Debug|Any CPU
		{A0ED1546-C704-4CBE-83E0-6B46F3069576}.Release|Any CPU.ActiveCfg = Release|Any CPU
		{A0ED1546-C704-4CBE-83E0-6B46F3069576}.Release|Any CPU.Build.0 = Release|Any CPU
	EndGlobalSection
	GlobalSection(SolutionProperties) = preSolution
		HideSolutionNode = FALSE
	EndGlobalSection
	GlobalSection(ExtensibilityGlobals) = postSolution
		SolutionGuid = {7007CC33-8BEC-40E7-9A28-2246EC4A51AC}
	EndGlobalSection
EndGlobal
